
Microsoft Visual Studio Solution File, Format Version 12.00
# Visual Studio Version 16
VisualStudioVersion = 16.0.29503.13
MinimumVisualStudioVersion = 10.0.40219.1
Project("{FAE04EC0-301F-11D3-BF4B-00C04F79EFBC}") = "API", "API.csproj", "{34B6E427-DFEB-48C2-8F3D-E8F5FB83C690}"
EndProject
Global
	GlobalSection(SolutionConfigurationPlatforms) = preSolution
		Debug|Any CPU = Debug|Any CPU
		Release|Any CPU = Release|Any CPU
	EndGlobalSection
	GlobalSection(ProjectConfigurationPlatforms) = postSolution
		{34B6E427-DFEB-48C2-8F3D-E8F5FB83C690}.Debug|Any CPU.ActiveCfg = Debug|Any CPU
		{34B6E427-DFEB-48C2-8F3D-E8F5FB83C690}.Debug|Any CPU.Build.0 = Debug|Any CPU
		{34B6E427-DFEB-48C2-8F3D-E8F5FB83C690}.Release|Any CPU.ActiveCfg = Release|Any CPU
		{34B6E427-DFEB-48C2-8F3D-E8F5FB83C690}.Release|Any CPU.Build.0 = Release|Any CPU
	EndGlobalSection
	GlobalSection(SolutionProperties) = preSolution
		HideSolutionNode = FALSE
	EndGlobalSection
	GlobalSection(ExtensibilityGlobals) = postSolution
		SolutionGuid = {FF25794E-E5DD-4599-B599-8C2767641DB7}
	EndGlobalSection
EndGlobal
